[[package]]
name = "accesskit_winit"
version = "0.32.2"
source = "registry+https://github.com/rust-lang/crates.io-index"
checksum = "1fe9a94394896352cc4660ca2288bd4ef883d83238853c038b44070c8f134313"
dependencies = [
 "accesskit",
 "accesskit_macos",
 "accesskit_unix",
 "accesskit_windows",
 "raw-window-handle",
 "winit",
]

[[package]]
name = "adler2"
version = "2.0.1"
source = "registry+https://github.com/rust-lang/crates.io-index"
checksum = "320119579fcad9c21884f5c4861d16174d0e06250625266f50fe6898340abefa"

[[package]]
name = "easl-native-text"
version = "0.0.0"
dependencies = [
 "accesskit",
 "parley",
 "roxmltree",
 "serde",
 "serde_json",
 "thiserror 2.0.20",
 "unicode-segmentation",
 "vello_cpu",
]

[[package]]
name = "easl-tauri-probe"
version = "0.0.0"
dependencies = [
 "arboard",
 "easl",
 "easl-native-text",
 "easl-text",
 "serde_json",
 "softbuffer",
 "tauri",
 "tauri-runtime",
 "tauri-runtime-wry",
 "thiserror 2.0.20",
]

[[package]]
name = "easl-text"
version = "0.0.0"
dependencies = [
 "easl",
 "easl-native-text",
 "harfrust",
 "tempfile",
 "thiserror 2.0.20",
 "unicode-bidi",
]

[[package]]
name = "ecb"
version = "0.2.0"
source = "registry+https://github.com/rust-lang/crates.io-index"
checksum = "fbfbf3db731928d6912bc3beda911d55b834cee3df6131ba79b337a1298a3fa9"
dependencies = [
 "cipher 0.5.2",
]
